
Microsoft Visual Studio Solution File, Format Version 12.00
# Visual Studio Version 17
VisualStudioVersion = 17.0.31903.59
MinimumVisualStudioVersion = 10.0.40219.1
Project("{2150E333-8FDC-42A3-9474-1A3956D46DE8}") = "src", "src", "{827E0CD3-B72D-47B6-A68D-7590B98EB39B}"
EndProject
Project("{FAE04EC0-301F-11D3-BF4B-00C04F79EFBC}") = "DialogueDown", "src\DialogueDown\DialogueDown.csproj", "{1749255D-03C5-4D3E-BB36-C7F2D7623CD5}"
EndProject
Project("{2150E333-8FDC-42A3-9474-1A3956D46DE8}") = "tests", "tests", "{0AB3BF05-4346-4AA6-1389-037BE0695223}"
EndProject
Project("{FAE04EC0-301F-11D3-BF4B-00C04F79EFBC}") = "DialogueDown.Tests", "tests\DialogueDown.Tests\DialogueDown.Tests.csproj", "{6654796B-050D-416A-900C-D43C14120F0D}"
EndProject
Project("{FAE04EC0-301F-11D3-BF4B-00C04F79EFBC}") = "DialogueDown.Visualization", "src\DialogueDown.Visualization\DialogueDown.Visualization.csproj", "{E0602115-5A10-4A54-838E-FC26258A1840}"
EndProject
Project("{FAE04EC0-301F-11D3-BF4B-00C04F79EFBC}") = "DialogueDown.Visualization.Tests", "tests\DialogueDown.Visualization.Tests\DialogueDown.Visualization.Tests.csproj", "{76159E0A-AB65-40AF-8522-7463EB2DB937}"
EndProject
Project("{FAE04EC0-301F-11D3-BF4B-00C04F79EFBC}") = "DialogueDown.Visualization.Live", "src\DialogueDown.Visualization.Live\DialogueDown.Visualization.Live.csproj", "{79C426D6-FA63-4474-8998-650BE82BF18A}"
EndProject
Project("{FAE04EC0-301F-11D3-BF4B-00C04F79EFBC}") = "DialogueDown.Visualization.Live.Tests", "tests\DialogueDown.Visualization.Live.Tests\DialogueDown.Visualization.Live.Tests.csproj", "{62925775-7B95-40F6-A686-B37A4DBE7E73}"
EndProject
Project("{FAE04EC0-301F-11D3-BF4B-00C04F79EFBC}") = "DialogueDown.Cli", "src\DialogueDown.Cli\DialogueDown.Cli.csproj", "{A222BDE6-CB6C-46A4-8499-3069A7904910}"
EndProject
Project("{FAE04EC0-301F-11D3-BF4B-00C04F79EFBC}") = "DialogueDown.Cli.Tests", "tests\DialogueDown.Cli.Tests\DialogueDown.Cli.Tests.csproj", "{4AD26E2B-65A6-468A-AAED-0A028FCC008F}"
EndProject
Project("{FAE04EC0-301F-11D3-BF4B-00C04F79EFBC}") = "DialogueDown.Architecture.Tests", "tests\DialogueDown.Architecture.Tests\DialogueDown.Architecture.Tests.csproj", "{9FAC37F1-3DCE-4A54-A5C6-E5BD1886E6AD}"
EndProject
Project("{FAE04EC0-301F-11D3-BF4B-00C04F79EFBC}") = "DialogueDown.ConfigurationLoader", "src\DialogueDown.ConfigurationLoader\DialogueDown.ConfigurationLoader.csproj", "{4741E46F-92D1-4D96-828B-236BDC8E90BA}"
EndProject
Project("{FAE04EC0-301F-11D3-BF4B-00C04F79EFBC}") = "DialogueDown.ConfigurationLoader.Tests", "tests\DialogueDown.ConfigurationLoader.Tests\DialogueDown.ConfigurationLoader.Tests.csproj", "{962AF01B-E93A-4330-8183-8ECA0FD39B89}"
EndProject
Global
	GlobalSection(SolutionConfigurationPlatforms) = preSolution
		Debug|Any CPU = Debug|Any CPU
		Debug|x64 = Debug|x64
		Debug|x86 = Debug|x86
		Release|Any CPU = Release|Any CPU
		Release|x64 = Release|x64
		Release|x86 = Release|x86
	EndGlobalSection
	GlobalSection(ProjectConfigurationPlatforms) = postSolution
		{1749255D-03C5-4D3E-BB36-C7F2D7623CD5}.Debug|Any CPU.ActiveCfg = Debug|Any CPU
		{1749255D-03C5-4D3E-BB36-C7F2D7623CD5}.Debug|Any CPU.Build.0 = Debug|Any CPU
		{1749255D-03C5-4D3E-BB36-C7F2D7623CD5}.Debug|x64.ActiveCfg = Debug|Any CPU
		{1749255D-03C5-4D3E-BB36-C7F2D7623CD5}.Debug|x64.Build.0 = Debug|Any CPU
		{1749255D-03C5-4D3E-BB36-C7F2D7623CD5}.Debug|x86.ActiveCfg = Debug|Any CPU
		{1749255D-03C5-4D3E-BB36-C7F2D7623CD5}.Debug|x86.Build.0 = Debug|Any CPU
		{1749255D-03C5-4D3E-BB36-C7F2D7623CD5}.Release|Any CPU.ActiveCfg = Release|Any CPU
		{1749255D-03C5-4D3E-BB36-C7F2D7623CD5}.Release|Any CPU.Build.0 = Release|Any CPU
		{1749255D-03C5-4D3E-BB36-C7F2D7623CD5}.Release|x64.ActiveCfg = Release|Any CPU
		{1749255D-03C5-4D3E-BB36-C7F2D7623CD5}.Release|x64.Build.0 = Release|Any CPU
		{1749255D-03C5-4D3E-BB36-C7F2D7623CD5}.Release|x86.ActiveCfg = Release|Any CPU
		{1749255D-03C5-4D3E-BB36-C7F2D7623CD5}.Release|x86.Build.0 = Release|Any CPU
		{6654796B-050D-416A-900C-D43C14120F0D}.Debug|Any CPU.ActiveCfg = Debug|Any CPU
		{6654796B-050D-416A-900C-D43C14120F0D}.Debug|Any CPU.Build.0 = Debug|Any CPU
		{6654796B-050D-416A-900C-D43C14120F0D}.Debug|x64.ActiveCfg = Debug|Any CPU
		{6654796B-050D-416A-900C-D43C14120F0D}.Debug|x64.Build.0 = Debug|Any CPU
		{6654796B-050D-416A-900C-D43C14120F0D}.Debug|x86.ActiveCfg = Debug|Any CPU
		{6654796B-050D-416A-900C-D43C14120F0D}.Debug|x86.Build.0 = Debug|Any CPU
		{6654796B-050D-416A-900C-D43C14120F0D}.Release|Any CPU.ActiveCfg = Release|Any CPU
		{6654796B-050D-416A-900C-D43C14120F0D}.Release|Any CPU.Build.0 = Release|Any CPU
		{6654796B-050D-416A-900C-D43C14120F0D}.Release|x64.ActiveCfg = Release|Any CPU
		{6654796B-050D-416A-900C-D43C14120F0D}.Release|x64.Build.0 = Release|Any CPU
		{6654796B-050D-416A-900C-D43C14120F0D}.Release|x86.ActiveCfg = Release|Any CPU
		{6654796B-050D-416A-900C-D43C14120F0D}.Release|x86.Build.0 = Release|Any CPU
		{E0602115-5A10-4A54-838E-FC26258A1840}.Debug|Any CPU.ActiveCfg = Debug|Any CPU
		{E0602115-5A10-4A54-838E-FC26258A1840}.Debug|Any CPU.Build.0 = Debug|Any CPU
		{E0602115-5A10-4A54-838E-FC26258A1840}.Debug|x64.ActiveCfg = Debug|Any CPU
		{E0602115-5A10-4A54-838E-FC26258A1840}.Debug|x64.Build.0 = Debug|Any CPU
		{E0602115-5A10-4A54-838E-FC26258A1840}.Debug|x86.ActiveCfg = Debug|Any CPU
		{E0602115-5A10-4A54-838E-FC26258A1840}.Debug|x86.Build.0 = Debug|Any CPU
		{E0602115-5A10-4A54-838E-FC26258A1840}.Release|Any CPU.ActiveCfg = Release|Any CPU
		{E0602115-5A10-4A54-838E-FC26258A1840}.Release|Any CPU.Build.0 = Release|Any CPU
		{E0602115-5A10-4A54-838E-FC26258A1840}.Release|x64.ActiveCfg = Release|Any CPU
		{E0602115-5A10-4A54-838E-FC26258A1840}.Release|x64.Build.0 = Release|Any CPU
		{E0602115-5A10-4A54-838E-FC26258A1840}.Release|x86.ActiveCfg = Release|Any CPU
		{E0602115-5A10-4A54-838E-FC26258A1840}.Release|x86.Build.0 = Release|Any CPU
		{76159E0A-AB65-40AF-8522-7463EB2DB937}.Debug|Any CPU.ActiveCfg = Debug|Any CPU
		{76159E0A-AB65-40AF-8522-7463EB2DB937}.Debug|Any CPU.Build.0 = Debug|Any CPU
		{76159E0A-AB65-40AF-8522-7463EB2DB937}.Debug|x64.ActiveCfg = Debug|Any CPU
		{76159E0A-AB65-40AF-8522-7463EB2DB937}.Debug|x64.Build.0 = Debug|Any CPU
		{76159E0A-AB65-40AF-8522-7463EB2DB937}.Debug|x86.ActiveCfg = Debug|Any CPU
		{76159E0A-AB65-40AF-8522-7463EB2DB937}.Debug|x86.Build.0 = Debug|Any CPU
		{76159E0A-AB65-40AF-8522-7463EB2DB937}.Release|Any CPU.ActiveCfg = Release|Any CPU
		{76159E0A-AB65-40AF-8522-7463EB2DB937}.Release|Any CPU.Build.0 = Release|Any CPU
		{76159E0A-AB65-40AF-8522-7463EB2DB937}.Release|x64.ActiveCfg = Release|Any CPU
		{76159E0A-AB65-40AF-8522-7463EB2DB937}.Release|x64.Build.0 = Release|Any CPU
		{76159E0A-AB65-40AF-8522-7463EB2DB937}.Release|x86.ActiveCfg = Release|Any CPU
		{76159E0A-AB65-40AF-8522-7463EB2DB937}.Release|x86.Build.0 = Release|Any CPU
		{79C426D6-FA63-4474-8998-650BE82BF18A}.Debug|Any CPU.ActiveCfg = Debug|Any CPU
		{79C426D6-FA63-4474-8998-650BE82BF18A}.Debug|Any CPU.Build.0 = Debug|Any CPU
		{79C426D6-FA63-4474-8998-650BE82BF18A}.Debug|x64.ActiveCfg = Debug|Any CPU
		{79C426D6-FA63-4474-8998-650BE82BF18A}.Debug|x64.Build.0 = Debug|Any CPU
		{79C426D6-FA63-4474-8998-650BE82BF18A}.Debug|x86.ActiveCfg = Debug|Any CPU
		{79C426D6-FA63-4474-8998-650BE82BF18A}.Debug|x86.Build.0 = Debug|Any CPU
		{79C426D6-FA63-4474-8998-650BE82BF18A}.Release|Any CPU.ActiveCfg = Release|Any CPU
		{79C426D6-FA63-4474-8998-650BE82BF18A}.Release|Any CPU.Build.0 = Release|Any CPU
		{79C426D6-FA63-4474-8998-650BE82BF18A}.Release|x64.ActiveCfg = Release|Any CPU
		{79C426D6-FA63-4474-8998-650BE82BF18A}.Release|x64.Build.0 = Release|Any CPU
		{79C426D6-FA63-4474-8998-650BE82BF18A}.Release|x86.ActiveCfg = Release|Any CPU
		{79C426D6-FA63-4474-8998-650BE82BF18A}.Release|x86.Build.0 = Release|Any CPU
		{62925775-7B95-40F6-A686-B37A4DBE7E73}.Debug|Any CPU.ActiveCfg = Debug|Any CPU
		{62925775-7B95-40F6-A686-B37A4DBE7E73}.Debug|Any CPU.Build.0 = Debug|Any CPU
		{62925775-7B95-40F6-A686-B37A4DBE7E73}.Debug|x64.ActiveCfg = Debug|Any CPU
		{62925775-7B95-40F6-A686-B37A4DBE7E73}.Debug|x64.Build.0 = Debug|Any CPU
		{62925775-7B95-40F6-A686-B37A4DBE7E73}.Debug|x86.ActiveCfg = Debug|Any CPU
		{62925775-7B95-40F6-A686-B37A4DBE7E73}.Debug|x86.Build.0 = Debug|Any CPU
		{62925775-7B95-40F6-A686-B37A4DBE7E73}.Release|Any CPU.ActiveCfg = Release|Any CPU
		{62925775-7B95-40F6-A686-B37A4DBE7E73}.Release|Any CPU.Build.0 = Release|Any CPU
		{62925775-7B95-40F6-A686-B37A4DBE7E73}.Release|x64.ActiveCfg = Release|Any CPU
		{62925775-7B95-40F6-A686-B37A4DBE7E73}.Release|x64.Build.0 = Release|Any CPU
		{62925775-7B95-40F6-A686-B37A4DBE7E73}.Release|x86.ActiveCfg = Release|Any CPU
		{62925775-7B95-40F6-A686-B37A4DBE7E73}.Release|x86.Build.0 = Release|Any CPU
		{A222BDE6-CB6C-46A4-8499-3069A7904910}.Debug|Any CPU.ActiveCfg = Debug|Any CPU
		{A222BDE6-CB6C-46A4-8499-3069A7904910}.Debug|Any CPU.Build.0 = Debug|Any CPU
		{A222BDE6-CB6C-46A4-8499-3069A7904910}.Debug|x64.ActiveCfg = Debug|Any CPU
		{A222BDE6-CB6C-46A4-8499-3069A7904910}.Debug|x64.Build.0 = Debug|Any CPU
		{A222BDE6-CB6C-46A4-8499-3069A7904910}.Debug|x86.ActiveCfg = Debug|Any CPU
		{A222BDE6-CB6C-46A4-8499-3069A7904910}.Debug|x86.Build.0 = Debug|Any CPU
		{A222BDE6-CB6C-46A4-8499-3069A7904910}.Release|Any CPU.ActiveCfg = Release|Any CPU
		{A222BDE6-CB6C-46A4-8499-3069A7904910}.Release|Any CPU.Build.0 = Release|Any CPU
		{A222BDE6-CB6C-46A4-8499-3069A7904910}.Release|x64.ActiveCfg = Release|Any CPU
		{A222BDE6-CB6C-46A4-8499-3069A7904910}.Release|x64.Build.0 = Release|Any CPU
		{A222BDE6-CB6C-46A4-8499-3069A7904910}.Release|x86.ActiveCfg = Release|Any CPU
		{A222BDE6-CB6C-46A4-8499-3069A7904910}.Release|x86.Build.0 = Release|Any CPU
		{4AD26E2B-65A6-468A-AAED-0A028FCC008F}.Debug|Any CPU.ActiveCfg = Debug|Any CPU
		{4AD26E2B-65A6-468A-AAED-0A028FCC008F}.Debug|Any CPU.Build.0 = Debug|Any CPU
		{4AD26E2B-65A6-468A-AAED-0A028FCC008F}.Debug|x64.ActiveCfg = Debug|Any CPU
		{4AD26E2B-65A6-468A-AAED-0A028FCC008F}.Debug|x64.Build.0 = Debug|Any CPU
		{4AD26E2B-65A6-468A-AAED-0A028FCC008F}.Debug|x86.ActiveCfg = Debug|Any CPU
		{4AD26E2B-65A6-468A-AAED-0A028FCC008F}.Debug|x86.Build.0 = Debug|Any CPU
		{4AD26E2B-65A6-468A-AAED-0A028FCC008F}.Release|Any CPU.ActiveCfg = Release|Any CPU
		{4AD26E2B-65A6-468A-AAED-0A028FCC008F}.Release|Any CPU.Build.0 = Release|Any CPU
		{4AD26E2B-65A6-468A-AAED-0A028FCC008F}.Release|x64.ActiveCfg = Release|Any CPU
		{4AD26E2B-65A6-468A-AAED-0A028FCC008F}.Release|x64.Build.0 = Release|Any CPU
		{4AD26E2B-65A6-468A-AAED-0A028FCC008F}.Release|x86.ActiveCfg = Release|Any CPU
		{4AD26E2B-65A6-468A-AAED-0A028FCC008F}.Release|x86.Build.0 = Release|Any CPU
		{9FAC37F1-3DCE-4A54-A5C6-E5BD1886E6AD}.Debug|Any CPU.ActiveCfg = Debug|Any CPU
		{9FAC37F1-3DCE-4A54-A5C6-E5BD1886E6AD}.Debug|Any CPU.Build.0 = Debug|Any CPU
		{9FAC37F1-3DCE-4A54-A5C6-E5BD1886E6AD}.Debug|x64.ActiveCfg = Debug|Any CPU
		{9FAC37F1-3DCE-4A54-A5C6-E5BD1886E6AD}.Debug|x64.Build.0 = Debug|Any CPU
		{9FAC37F1-3DCE-4A54-A5C6-E5BD1886E6AD}.Debug|x86.ActiveCfg = Debug|Any CPU
		{9FAC37F1-3DCE-4A54-A5C6-E5BD1886E6AD}.Debug|x86.Build.0 = Debug|Any CPU
		{9FAC37F1-3DCE-4A54-A5C6-E5BD1886E6AD}.Release|Any CPU.ActiveCfg = Release|Any CPU
		{9FAC37F1-3DCE-4A54-A5C6-E5BD1886E6AD}.Release|Any CPU.Build.0 = Release|Any CPU
		{9FAC37F1-3DCE-4A54-A5C6-E5BD1886E6AD}.Release|x64.ActiveCfg = Release|Any CPU
		{9FAC37F1-3DCE-4A54-A5C6-E5BD1886E6AD}.Release|x64.Build.0 = Release|Any CPU
		{9FAC37F1-3DCE-4A54-A5C6-E5BD1886E6AD}.Release|x86.ActiveCfg = Release|Any CPU
		{9FAC37F1-3DCE-4A54-A5C6-E5BD1886E6AD}.Release|x86.Build.0 = Release|Any CPU
		{4741E46F-92D1-4D96-828B-236BDC8E90BA}.Debug|Any CPU.ActiveCfg = Debug|Any CPU
		{4741E46F-92D1-4D96-828B-236BDC8E90BA}.Debug|Any CPU.Build.0 = Debug|Any CPU
		{4741E46F-92D1-4D96-828B-236BDC8E90BA}.Debug|x64.ActiveCfg = Debug|Any CPU
		{4741E46F-92D1-4D96-828B-236BDC8E90BA}.Debug|x64.Build.0 = Debug|Any CPU
		{4741E46F-92D1-4D96-828B-236BDC8E90BA}.Debug|x86.ActiveCfg = Debug|Any CPU
		{4741E46F-92D1-4D96-828B-236BDC8E90BA}.Debug|x86.Build.0 = Debug|Any CPU
		{4741E46F-92D1-4D96-828B-236BDC8E90BA}.Release|Any CPU.ActiveCfg = Release|Any CPU
		{4741E46F-92D1-4D96-828B-236BDC8E90BA}.Release|Any CPU.Build.0 = Release|Any CPU
		{4741E46F-92D1-4D96-828B-236BDC8E90BA}.Release|x64.ActiveCfg = Release|Any CPU
		{4741E46F-92D1-4D96-828B-236BDC8E90BA}.Release|x64.Build.0 = Release|Any CPU
		{4741E46F-92D1-4D96-828B-236BDC8E90BA}.Release|x86.ActiveCfg = Release|Any CPU
		{4741E46F-92D1-4D96-828B-236BDC8E90BA}.Release|x86.Build.0 = Release|Any CPU
		{962AF01B-E93A-4330-8183-8ECA0FD39B89}.Debug|Any CPU.ActiveCfg = Debug|Any CPU
		{962AF01B-E93A-4330-8183-8ECA0FD39B89}.Debug|Any CPU.Build.0 = Debug|Any CPU
		{962AF01B-E93A-4330-8183-8ECA0FD39B89}.Debug|x64.ActiveCfg = Debug|Any CPU
		{962AF01B-E93A-4330-8183-8ECA0FD39B89}.Debug|x64.Build.0 = Debug|Any CPU
		{962AF01B-E93A-4330-8183-8ECA0FD39B89}.Debug|x86.ActiveCfg = Debug|Any CPU
		{962AF01B-E93A-4330-8183-8ECA0FD39B89}.Debug|x86.Build.0 = Debug|Any CPU
		{962AF01B-E93A-4330-8183-8ECA0FD39B89}.Release|Any CPU.ActiveCfg = Release|Any CPU
		{962AF01B-E93A-4330-8183-8ECA0FD39B89}.Release|Any CPU.Build.0 = Release|Any CPU
		{962AF01B-E93A-4330-8183-8ECA0FD39B89}.Release|x64.ActiveCfg = Release|Any CPU
		{962AF01B-E93A-4330-8183-8ECA0FD39B89}.Release|x64.Build.0 = Release|Any CPU
		{962AF01B-E93A-4330-8183-8ECA0FD39B89}.Release|x86.ActiveCfg = Release|Any CPU
		{962AF01B-E93A-4330-8183-8ECA0FD39B89}.Release|x86.Build.0 = Release|Any CPU
	EndGlobalSection
	GlobalSection(SolutionProperties) = preSolution
		HideSolutionNode = FALSE
	EndGlobalSection
	GlobalSection(NestedProjects) = preSolution
		{1749255D-03C5-4D3E-BB36-C7F2D7623CD5} = {827E0CD3-B72D-47B6-A68D-7590B98EB39B}
		{6654796B-050D-416A-900C-D43C14120F0D} = {0AB3BF05-4346-4AA6-1389-037BE0695223}
		{E0602115-5A10-4A54-838E-FC26258A1840} = {827E0CD3-B72D-47B6-A68D-7590B98EB39B}
		{76159E0A-AB65-40AF-8522-7463EB2DB937} = {0AB3BF05-4346-4AA6-1389-037BE0695223}
		{79C426D6-FA63-4474-8998-650BE82BF18A} = {827E0CD3-B72D-47B6-A68D-7590B98EB39B}
		{62925775-7B95-40F6-A686-B37A4DBE7E73} = {0AB3BF05-4346-4AA6-1389-037BE0695223}
		{A222BDE6-CB6C-46A4-8499-3069A7904910} = {827E0CD3-B72D-47B6-A68D-7590B98EB39B}
		{4AD26E2B-65A6-468A-AAED-0A028FCC008F} = {0AB3BF05-4346-4AA6-1389-037BE0695223}
		{9FAC37F1-3DCE-4A54-A5C6-E5BD1886E6AD} = {0AB3BF05-4346-4AA6-1389-037BE0695223}
		{4741E46F-92D1-4D96-828B-236BDC8E90BA} = {827E0CD3-B72D-47B6-A68D-7590B98EB39B}
		{962AF01B-E93A-4330-8183-8ECA0FD39B89} = {0AB3BF05-4346-4AA6-1389-037BE0695223}
	EndGlobalSection
EndGlobal
